
Microsoft Visual Studio Solution File, Format Version 12.00
# Visual Studio Version 16
VisualStudioVersion = 16.0.29709.97
MinimumVisualStudioVersion = 10.0.40219.1
Project("{FAE04EC0-301F-11D3-BF4B-00C04F79EFBC}") = "TP1", "TP1\TP1.csproj", "{B61F96B8-7961-4653-88E2-01F88CC77EFD}"
EndProject
Global
	GlobalSection(SolutionConfigurationPlatforms) = preSolution
		Debug|Any CPU = Debug|Any CPU
		Release|Any CPU = Release|Any CPU
	EndGlobalSection
	GlobalSection(ProjectConfigurationPlatforms) = postSolution
		{B61F96B8-7961-4653-88E2-01F88CC77EFD}.Debug|Any CPU.ActiveCfg = Debug|Any CPU
		{B61F96B8-7961-4653-88E2-01F88CC77EFD}.Debug|Any CPU.Build.0 = Debug|Any CPU
		{B61F96B8-7961-4653-88E2-01F88CC77EFD}.Release|Any CPU.ActiveCfg = Release|Any CPU
		{B61F96B8-7961-4653-88E2-01F88CC77EFD}.Release|Any CPU.Build.0 = Release|Any CPU
	EndGlobalSection
	GlobalSection(SolutionProperties) = preSolution
		HideSolutionNode = FALSE
	EndGlobalSection
	GlobalSection(ExtensibilityGlobals) = postSolution
		SolutionGuid = {01C067B6-3976-4759-A62D-A99540BEF44E}
	EndGlobalSection
EndGlobal
